// !$*UTF8*$!
{
	archiveVersion = 1;
	classes = {
	};
	objectVersion = 55;
	objects = {

/* Begin PBXBuildFile section */
		9A88224D28DE683C00995674 /* LoginPage.swift in Sources */ 
= {isa = PBXBuildFile; fileRef = 9A88224C28DE683C00995674 /* 
LoginPage.swift */; };
		9A9C4B1228E527CC00C05EB5 /* CreateAccount.swift in Sources 
*/ = {isa = PBXBuildFile; fileRef = 9A9C4B1128E527CC00C05EB5 /* 
CreateAccount.swift */; };
		9A9C4B1428E52D8800C05EB5 /* VerifyBusiness.swift in 
Sources */ = {isa = PBXBuildFile; fileRef = 9A9C4B1328E52D8800C05EB5 /* 
VerifyBusiness.swift */; };
		9AEACCBA28D037FA00783F28 /* CompanyPage.swift in Sources 
*/ = {isa = PBXBuildFile; fileRef = 9AEACCB928D037FA00783F28 /* 
CompanyPage.swift */; };
		9AEACCBC28D038BD00783F28 /* BarterInitiated.swift in 
Sources */ = {isa = PBXBuildFile; fileRef = 9AEACCBB28D038BD00783F28 /* 
BarterInitiated.swift */; };
		9ED972C728F719B100CDDE24 /* FoodServices.swift in Sources 
*/ = {isa = PBXBuildFile; fileRef = 9ED972C428F719B100CDDE24 /* 
FoodServices.swift */; };
		9ED972C828F719B100CDDE24 /* BusinessServices.swift in 
Sources */ = {isa = PBXBuildFile; fileRef = 9ED972C528F719B100CDDE24 /* 
BusinessServices.swift */; };
		9ED972C928F719B100CDDE24 /* LaborServices.swift in Sources 
*/ = {isa = PBXBuildFile; fileRef = 9ED972C328F719B100CDDE24 /* 
LaborServices.swift */; };
		9ED972CA28F719B100CDDE24 /* ProgrammingServices.swift in 
Sources */ = {isa = PBXBuildFile; fileRef = 9ED972C128F719B100CDDE24 /* 
ProgrammingServices.swift */; };
		9ED972CB28F719B100CDDE24 /* 
BarterSpecializedServices.swift in Sources */ = {isa = PBXBuildFile; 
fileRef = 9ED972C228F719B100CDDE24 /* BarterSpecializedServices.swift */; 
};
		9ED972CC28F719B100CDDE24 /* MiscServices.swift in Sources 
*/ = {isa = PBXBuildFile; fileRef = 9ED972C628F719B100CDDE24 /* 
MiscServices.swift */; };
		FB2A948E28CA9B7800F64DF1 /* BarteringAppApp.swift in 
Sources */ = {isa = PBXBuildFile; fileRef = FB2A948D28CA9B7800F64DF1 /* 
BarteringAppApp.swift */; };
		FB2A949028CA9B7800F64DF1 /* ContentView.swift in Sources 
*/ = {isa = PBXBuildFile; fileRef = FB2A948F28CA9B7800F64DF1 /* 
ContentView.swift */; };
		FB2A949228CA9B7900F64DF1 /* Assets.xcassets in Resources 
*/ = {isa = PBXBuildFile; fileRef = FB2A949128CA9B7900F64DF1 /* 
Assets.xcassets */; };
		FB2A949F28CA9B7900F64DF1 /* BarteringAppTests.swift in 
Sources */ = {isa = PBXBuildFile; fileRef = FB2A949E28CA9B7900F64DF1 /* 
BarteringAppTests.swift */; };
		FB2A94A928CA9B7900F64DF1 /* BarteringAppUITests.swift in 
Sources */ = {isa = PBXBuildFile; fileRef = FB2A94A828CA9B7900F64DF1 /* 
BarteringAppUITests.swift */; };
		FB2A94AB28CA9B7900F64DF1 /* 
BarteringAppUITestsLaunchTests.swift in Sources */ = {isa = PBXBuildFile; 
fileRef = FB2A94AA28CA9B7900F64DF1 /* BarteringAppUITestsLaunchTests.swift 
*/; };
/* End PBXBuildFile section */

/* Begin PBXContainerItemProxy section */
		FB2A949B28CA9B7900F64DF1 /* PBXContainerItemProxy */ = {
			isa = PBXContainerItemProxy;
			containerPortal = FB2A948228CA9B7800F64DF1 /* 
Project object */;
			proxyType = 1;
			remoteGlobalIDString = FB2A948928CA9B7800F64DF1;
			remoteInfo = BarteringApp;
		};
		FB2A94A528CA9B7900F64DF1 /* PBXContainerItemProxy */ = {
			isa = PBXContainerItemProxy;
			containerPortal = FB2A948228CA9B7800F64DF1 /* 
Project object */;
			proxyType = 1;
			remoteGlobalIDString = FB2A948928CA9B7800F64DF1;
			remoteInfo = BarteringApp;
		};
/* End PBXContainerItemProxy section */

/* Begin PBXFileReference section */
		9A88224C28DE683C00995674 /* LoginPage.swift */ = {isa = 
PBXFileReference; lastKnownFileType = sourcecode.swift; path = 
LoginPage.swift; sourceTree = "<group>"; };
		9A9C4B1128E527CC00C05EB5 /* CreateAccount.swift */ = {isa 
= PBXFileReference; lastKnownFileType = sourcecode.swift; path = 
CreateAccount.swift; sourceTree = "<group>"; };
		9A9C4B1328E52D8800C05EB5 /* VerifyBusiness.swift */ = {isa 
= PBXFileReference; lastKnownFileType = sourcecode.swift; path = 
VerifyBusiness.swift; sourceTree = "<group>"; };
		9AEACCB928D037FA00783F28 /* CompanyPage.swift */ = {isa = 
PBXFileReference; lastKnownFileType = sourcecode.swift; path = 
CompanyPage.swift; sourceTree = "<group>"; };
		9AEACCBB28D038BD00783F28 /* BarterInitiated.swift */ = 
{isa = PBXFileReference; lastKnownFileType = sourcecode.swift; path = 
BarterInitiated.swift; sourceTree = "<group>"; };
		9ED972C128F719B100CDDE24 /* ProgrammingServices.swift */ = 
{isa = PBXFileReference; lastKnownFileType = sourcecode.swift; path = 
ProgrammingServices.swift; sourceTree = "<group>"; };
		9ED972C228F719B100CDDE24 /* 
BarterSpecializedServices.swift */ = {isa = PBXFileReference; 
lastKnownFileType = sourcecode.swift; path = 
BarterSpecializedServices.swift; sourceTree = "<group>"; };
		9ED972C328F719B100CDDE24 /* LaborServices.swift */ = {isa 
= PBXFileReference; lastKnownFileType = sourcecode.swift; path = 
LaborServices.swift; sourceTree = "<group>"; };
		9ED972C428F719B100CDDE24 /* FoodServices.swift */ = {isa = 
PBXFileReference; lastKnownFileType = sourcecode.swift; path = 
FoodServices.swift; sourceTree = "<group>"; };
		9ED972C528F719B100CDDE24 /* BusinessServices.swift */ = 
{isa = PBXFileReference; lastKnownFileType = sourcecode.swift; path = 
BusinessServices.swift; sourceTree = "<group>"; };
		9ED972C628F719B100CDDE24 /* MiscServices.swift */ = {isa = 
PBXFileReference; lastKnownFileType = sourcecode.swift; path = 
MiscServices.swift; sourceTree = "<group>"; };
		FB2A948A28CA9B7800F64DF1 /* BarteringApp.app */ = {isa = 
PBXFileReference; explicitFileType = wrapper.application; includeInIndex = 
0; path = BarteringApp.app; sourceTree = BUILT_PRODUCTS_DIR; };
		FB2A948D28CA9B7800F64DF1 /* BarteringAppApp.swift */ = 
{isa = PBXFileReference; lastKnownFileType = sourcecode.swift; path = 
BarteringAppApp.swift; sourceTree = "<group>"; };
		FB2A948F28CA9B7800F64DF1 /* ContentView.swift */ = {isa = 
PBXFileReference; lastKnownFileType = sourcecode.swift; path = 
ContentView.swift; sourceTree = "<group>"; };
		FB2A949128CA9B7900F64DF1 /* Assets.xcassets */ = {isa = 
PBXFileReference; lastKnownFileType = folder.assetcatalog; path = 
Assets.xcassets; sourceTree = "<group>"; };
		FB2A949A28CA9B7900F64DF1 /* BarteringAppTests.xctest */ = 
{isa = PBXFileReference; explicitFileType = wrapper.cfbundle; 
includeInIndex = 0; path = BarteringAppTests.xctest; sourceTree = 
BUILT_PRODUCTS_DIR; };
		FB2A949E28CA9B7900F64DF1 /* BarteringAppTests.swift */ = 
{isa = PBXFileReference; lastKnownFileType = sourcecode.swift; path = 
BarteringAppTests.swift; sourceTree = "<group>"; };
		FB2A94A428CA9B7900F64DF1 /* BarteringAppUITests.xctest */ 
= {isa = PBXFileReference; explicitFileType = wrapper.cfbundle; 
includeInIndex = 0; path = BarteringAppUITests.xctest; sourceTree = 
BUILT_PRODUCTS_DIR; };
		FB2A94A828CA9B7900F64DF1 /* BarteringAppUITests.swift */ = 
{isa = PBXFileReference; lastKnownFileType = sourcecode.swift; path = 
BarteringAppUITests.swift; sourceTree = "<group>"; };
		FB2A94AA28CA9B7900F64DF1 /* 
BarteringAppUITestsLaunchTests.swift */ = {isa = PBXFileReference; 
lastKnownFileType = sourcecode.swift; path = 
BarteringAppUITestsLaunchTests.swift; sourceTree = "<group>"; };
/* End PBXFileReference section */

/* Begin PBXFrameworksBuildPhase section */
		FB2A948728CA9B7800F64DF1 /* Frameworks */ = {
			isa = PBXFrameworksBuildPhase;
			buildActionMask = 2147483647;
			files = (
			);
			runOnlyForDeploymentPostprocessing = 0;
		};
		FB2A949728CA9B7900F64DF1 /* Frameworks */ = {
			isa = PBXFrameworksBuildPhase;
			buildActionMask = 2147483647;
			files = (
			);
			runOnlyForDeploymentPostprocessing = 0;
		};
		FB2A94A128CA9B7900F64DF1 /* Frameworks */ = {
			isa = PBXFrameworksBuildPhase;
			buildActionMask = 2147483647;
			files = (
			);
			runOnlyForDeploymentPostprocessing = 0;
		};
/* End PBXFrameworksBuildPhase section */

/* Begin PBXGroup section */
		FB2A948128CA9B7800F64DF1 = {
			isa = PBXGroup;
			children = (
				FB2A948C28CA9B7800F64DF1 /* BarteringApp 
*/,
				FB2A949D28CA9B7900F64DF1 /* 
BarteringAppTests */,
				FB2A94A728CA9B7900F64DF1 /* 
BarteringAppUITests */,
				FB2A948B28CA9B7800F64DF1 /* Products */,
			);
			sourceTree = "<group>";
		};
		FB2A948B28CA9B7800F64DF1 /* Products */ = {
			isa = PBXGroup;
			children = (
				FB2A948A28CA9B7800F64DF1 /* 
BarteringApp.app */,
				FB2A949A28CA9B7900F64DF1 /* 
BarteringAppTests.xctest */,
				FB2A94A428CA9B7900F64DF1 /* 
BarteringAppUITests.xctest */,
			);
			name = Products;
			sourceTree = "<group>";
		};
		FB2A948C28CA9B7800F64DF1 /* BarteringApp */ = {
			isa = PBXGroup;
			children = (
				9ED972C228F719B100CDDE24 /* 
BarterSpecializedServices.swift */,
				9ED972C528F719B100CDDE24 /* 
BusinessServices.swift */,
				9ED972C428F719B100CDDE24 /* 
FoodServices.swift */,
				9ED972C328F719B100CDDE24 /* 
LaborServices.swift */,
				9ED972C628F719B100CDDE24 /* 
MiscServices.swift */,
				9ED972C128F719B100CDDE24 /* 
ProgrammingServices.swift */,
				FB2A948D28CA9B7800F64DF1 /* 
BarteringAppApp.swift */,
				FB2A948F28CA9B7800F64DF1 /* 
ContentView.swift */,
				FB2A949128CA9B7900F64DF1 /* 
Assets.xcassets */,
				FB2A949328CA9B7900F64DF1 /* Preview 
Content */,
				9AEACCB928D037FA00783F28 /* 
CompanyPage.swift */,
				9AEACCBB28D038BD00783F28 /* 
BarterInitiated.swift */,
				9A88224C28DE683C00995674 /* 
LoginPage.swift */,
				9A9C4B1128E527CC00C05EB5 /* 
CreateAccount.swift */,
				9A9C4B1328E52D8800C05EB5 /* 
VerifyBusiness.swift */,
			);
			path = BarteringApp;
			sourceTree = "<group>";
		};
		FB2A949328CA9B7900F64DF1 /* Preview Content */ = {
			isa = PBXGroup;
			children = (
			);
			path = "Preview Content";
			sourceTree = "<group>";
		};
		FB2A949D28CA9B7900F64DF1 /* BarteringAppTests */ = {
			isa = PBXGroup;
			children = (
				FB2A949E28CA9B7900F64DF1 /* 
BarteringAppTests.swift */,
			);
			path = BarteringAppTests;
			sourceTree = "<group>";
		};
		FB2A94A728CA9B7900F64DF1 /* BarteringAppUITests */ = {
			isa = PBXGroup;
			children = (
				FB2A94A828CA9B7900F64DF1 /* 
BarteringAppUITests.swift */,
				FB2A94AA28CA9B7900F64DF1 /* 
BarteringAppUITestsLaunchTests.swift */,
			);
			path = BarteringAppUITests;
			sourceTree = "<group>";
		};
/* End PBXGroup section */

/* Begin PBXNativeTarget section */
		FB2A948928CA9B7800F64DF1 /* BarteringApp */ = {
			isa = PBXNativeTarget;
			buildConfigurationList = FB2A94AE28CA9B7900F64DF1 
/* Build configuration list for PBXNativeTarget "BarteringApp" */;
			buildPhases = (
				FB2A948628CA9B7800F64DF1 /* Sources */,
				FB2A948728CA9B7800F64DF1 /* Frameworks */,
				FB2A948828CA9B7800F64DF1 /* Resources */,
			);
			buildRules = (
			);
			dependencies = (
			);
			name = BarteringApp;
			productName = BarteringApp;
			productReference = FB2A948A28CA9B7800F64DF1 /* 
BarteringApp.app */;
			productType = 
"com.apple.product-type.application";
		};
		FB2A949928CA9B7900F64DF1 /* BarteringAppTests */ = {
			isa = PBXNativeTarget;
			buildConfigurationList = FB2A94B128CA9B7900F64DF1 
/* Build configuration list for PBXNativeTarget "BarteringAppTests" */;
			buildPhases = (
				FB2A949628CA9B7900F64DF1 /* Sources */,
				FB2A949728CA9B7900F64DF1 /* Frameworks */,
				FB2A949828CA9B7900F64DF1 /* Resources */,
			);
			buildRules = (
			);
			dependencies = (
				FB2A949C28CA9B7900F64DF1 /* 
PBXTargetDependency */,
			);
			name = BarteringAppTests;
			productName = BarteringAppTests;
			productReference = FB2A949A28CA9B7900F64DF1 /* 
BarteringAppTests.xctest */;
			productType = 
"com.apple.product-type.bundle.unit-test";
		};
		FB2A94A328CA9B7900F64DF1 /* BarteringAppUITests */ = {
			isa = PBXNativeTarget;
			buildConfigurationList = FB2A94B428CA9B7900F64DF1 
/* Build configuration list for PBXNativeTarget "BarteringAppUITests" */;
			buildPhases = (
				FB2A94A028CA9B7900F64DF1 /* Sources */,
				FB2A94A128CA9B7900F64DF1 /* Frameworks */,
				FB2A94A228CA9B7900F64DF1 /* Resources */,
			);
			buildRules = (
			);
			dependencies = (
				FB2A94A628CA9B7900F64DF1 /* 
PBXTargetDependency */,
			);
			name = BarteringAppUITests;
			productName = BarteringAppUITests;
			productReference = FB2A94A428CA9B7900F64DF1 /* 
BarteringAppUITests.xctest */;
			productType = 
"com.apple.product-type.bundle.ui-testing";
		};
/* End PBXNativeTarget section */

/* Begin PBXProject section */
		FB2A948228CA9B7800F64DF1 /* Project object */ = {
			isa = PBXProject;
			attributes = {
				BuildIndependentTargetsInParallel = 1;
				LastSwiftUpdateCheck = 1340;
				LastUpgradeCheck = 1340;
				TargetAttributes = {
					FB2A948928CA9B7800F64DF1 = {
						CreatedOnToolsVersion = 
13.4.1;
					};
					FB2A949928CA9B7900F64DF1 = {
						CreatedOnToolsVersion = 
13.4.1;
						TestTargetID = 
FB2A948928CA9B7800F64DF1;
					};
					FB2A94A328CA9B7900F64DF1 = {
						CreatedOnToolsVersion = 
13.4.1;
						TestTargetID = 
FB2A948928CA9B7800F64DF1;
					};
				};
			};
			buildConfigurationList = FB2A948528CA9B7800F64DF1 
/* Build configuration list for PBXProject "BarteringApp" */;
			compatibilityVersion = "Xcode 13.0";
			developmentRegion = en;
			hasScannedForEncodings = 0;
			knownRegions = (
				en,
				Base,
			);
			mainGroup = FB2A948128CA9B7800F64DF1;
			productRefGroup = FB2A948B28CA9B7800F64DF1 /* 
Products */;
			projectDirPath = "";
			projectRoot = "";
			targets = (
				FB2A948928CA9B7800F64DF1 /* BarteringApp 
*/,
				FB2A949928CA9B7900F64DF1 /* 
BarteringAppTests */,
				FB2A94A328CA9B7900F64DF1 /* 
BarteringAppUITests */,
			);
		};
/* End PBXProject section */

/* Begin PBXResourcesBuildPhase section */
		FB2A948828CA9B7800F64DF1 /* Resources */ = {
			isa = PBXResourcesBuildPhase;
			buildActionMask = 2147483647;
			files = (
				FB2A949228CA9B7900F64DF1 /* 
Assets.xcassets in Resources */,
			);
			runOnlyForDeploymentPostprocessing = 0;
		};
		FB2A949828CA9B7900F64DF1 /* Resources */ = {
			isa = PBXResourcesBuildPhase;
			buildActionMask = 2147483647;
			files = (
			);
			runOnlyForDeploymentPostprocessing = 0;
		};
		FB2A94A228CA9B7900F64DF1 /* Resources */ = {
			isa = PBXResourcesBuildPhase;
			buildActionMask = 2147483647;
			files = (
			);
			runOnlyForDeploymentPostprocessing = 0;
		};
/* End PBXResourcesBuildPhase section */

/* Begin PBXSourcesBuildPhase section */
		FB2A948628CA9B7800F64DF1 /* Sources */ = {
			isa = PBXSourcesBuildPhase;
			buildActionMask = 2147483647;
			files = (
				9ED972CC28F719B100CDDE24 /* 
MiscServices.swift in Sources */,
				9A9C4B1428E52D8800C05EB5 /* 
VerifyBusiness.swift in Sources */,
				9ED972CA28F719B100CDDE24 /* 
ProgrammingServices.swift in Sources */,
				9ED972C728F719B100CDDE24 /* 
FoodServices.swift in Sources */,
				9ED972CB28F719B100CDDE24 /* 
BarterSpecializedServices.swift in Sources */,
				9AEACCBA28D037FA00783F28 /* 
CompanyPage.swift in Sources */,
				FB2A949028CA9B7800F64DF1 /* 
ContentView.swift in Sources */,
				9A9C4B1228E527CC00C05EB5 /* 
CreateAccount.swift in Sources */,
				FB2A948E28CA9B7800F64DF1 /* 
BarteringAppApp.swift in Sources */,
				9ED972C928F719B100CDDE24 /* 
LaborServices.swift in Sources */,
				9A88224D28DE683C00995674 /* 
LoginPage.swift in Sources */,
				9AEACCBC28D038BD00783F28 /* 
BarterInitiated.swift in Sources */,
				9ED972C828F719B100CDDE24 /* 
BusinessServices.swift in Sources */,
			);
			runOnlyForDeploymentPostprocessing = 0;
		};
		FB2A949628CA9B7900F64DF1 /* Sources */ = {
			isa = PBXSourcesBuildPhase;
			buildActionMask = 2147483647;
			files = (
				FB2A949F28CA9B7900F64DF1 /* 
BarteringAppTests.swift in Sources */,
			);
			runOnlyForDeploymentPostprocessing = 0;
		};
		FB2A94A028CA9B7900F64DF1 /* Sources */ = {
			isa = PBXSourcesBuildPhase;
			buildActionMask = 2147483647;
			files = (
				FB2A94A928CA9B7900F64DF1 /* 
BarteringAppUITests.swift in Sources */,
				FB2A94AB28CA9B7900F64DF1 /* 
BarteringAppUITestsLaunchTests.swift in Sources */,
			);
			runOnlyForDeploymentPostprocessing = 0;
		};
/* End PBXSourcesBuildPhase section */

/* Begin PBXTargetDependency section */
		FB2A949C28CA9B7900F64DF1 /* PBXTargetDependency */ = {
			isa = PBXTargetDependency;
			target = FB2A948928CA9B7800F64DF1 /* BarteringApp 
*/;
			targetProxy = FB2A949B28CA9B7900F64DF1 /* 
PBXContainerItemProxy */;
		};
		FB2A94A628CA9B7900F64DF1 /* PBXTargetDependency */ = {
			isa = PBXTargetDependency;
			target = FB2A948928CA9B7800F64DF1 /* BarteringApp 
*/;
			targetProxy = FB2A94A528CA9B7900F64DF1 /* 
PBXContainerItemProxy */;
		};
/* End PBXTargetDependency section */

/* Begin XCBuildConfiguration section */
		FB2A94AC28CA9B7900F64DF1 /* Debug */ = {
			isa = XCBuildConfiguration;
			buildSettings = {
				ALWAYS_SEARCH_USER_PATHS = NO;
				CLANG_ANALYZER_NONNULL = YES;
				CLANG_ANALYZER_NUMBER_OBJECT_CONVERSION = 
YES_AGGRESSIVE;
				CLANG_CXX_LANGUAGE_STANDARD = "gnu++17";
				CLANG_ENABLE_MODULES = YES;
				CLANG_ENABLE_OBJC_ARC = YES;
				CLANG_ENABLE_OBJC_WEAK = YES;
				CLANG_WARN_BLOCK_CAPTURE_AUTORELEASING = 
YES;
				CLANG_WARN_BOOL_CONVERSION = YES;
				CLANG_WARN_COMMA = YES;
				CLANG_WARN_CONSTANT_CONVERSION = YES;
				CLANG_WARN_DEPRECATED_OBJC_IMPLEMENTATIONS 
= YES;
				CLANG_WARN_DIRECT_OBJC_ISA_USAGE = 
YES_ERROR;
				CLANG_WARN_DOCUMENTATION_COMMENTS = YES;
				CLANG_WARN_EMPTY_BODY = YES;
				CLANG_WARN_ENUM_CONVERSION = YES;
				CLANG_WARN_INFINITE_RECURSION = YES;
				CLANG_WARN_INT_CONVERSION = YES;
				CLANG_WARN_NON_LITERAL_NULL_CONVERSION = 
YES;
				CLANG_WARN_OBJC_IMPLICIT_RETAIN_SELF = 
YES;
				CLANG_WARN_OBJC_LITERAL_CONVERSION = YES;
				CLANG_WARN_OBJC_ROOT_CLASS = YES_ERROR;
				
CLANG_WARN_QUOTED_INCLUDE_IN_FRAMEWORK_HEADER = YES;
				CLANG_WARN_RANGE_LOOP_ANALYSIS = YES;
				CLANG_WARN_STRICT_PROTOTYPES = YES;
				CLANG_WARN_SUSPICIOUS_MOVE = YES;
				CLANG_WARN_UNGUARDED_AVAILABILITY = 
YES_AGGRESSIVE;
				CLANG_WARN_UNREACHABLE_CODE = YES;
				CLANG_WARN__DUPLICATE_METHOD_MATCH = YES;
				COPY_PHASE_STRIP = NO;
				DEBUG_INFORMATION_FORMAT = dwarf;
				ENABLE_STRICT_OBJC_MSGSEND = YES;
				ENABLE_TESTABILITY = YES;
				GCC_C_LANGUAGE_STANDARD = gnu11;
				GCC_DYNAMIC_NO_PIC = NO;
				GCC_NO_COMMON_BLOCKS = YES;
				GCC_OPTIMIZATION_LEVEL = 0;
				GCC_PREPROCESSOR_DEFINITIONS = (
					"DEBUG=1",
					"$(inherited)",
				);
				GCC_WARN_64_TO_32_BIT_CONVERSION = YES;
				GCC_WARN_ABOUT_RETURN_TYPE = YES_ERROR;
				GCC_WARN_UNDECLARED_SELECTOR = YES;
				GCC_WARN_UNINITIALIZED_AUTOS = 
YES_AGGRESSIVE;
				GCC_WARN_UNUSED_FUNCTION = YES;
				GCC_WARN_UNUSED_VARIABLE = YES;
				IPHONEOS_DEPLOYMENT_TARGET = 15.5;
				MTL_ENABLE_DEBUG_INFO = INCLUDE_SOURCE;
				MTL_FAST_MATH = YES;
				ONLY_ACTIVE_ARCH = YES;
				SDKROOT = iphoneos;
				SWIFT_ACTIVE_COMPILATION_CONDITIONS = 
DEBUG;
				SWIFT_OPTIMIZATION_LEVEL = "-Onone";
			};
			name = Debug;
		};
		FB2A94AD28CA9B7900F64DF1 /* Release */ = {
			isa = XCBuildConfiguration;
			buildSettings = {
				ALWAYS_SEARCH_USER_PATHS = NO;
				CLANG_ANALYZER_NONNULL = YES;
				CLANG_ANALYZER_NUMBER_OBJECT_CONVERSION = 
YES_AGGRESSIVE;
				CLANG_CXX_LANGUAGE_STANDARD = "gnu++17";
				CLANG_ENABLE_MODULES = YES;
				CLANG_ENABLE_OBJC_ARC = YES;
				CLANG_ENABLE_OBJC_WEAK = YES;
				CLANG_WARN_BLOCK_CAPTURE_AUTORELEASING = 
YES;
				CLANG_WARN_BOOL_CONVERSION = YES;
				CLANG_WARN_COMMA = YES;
				CLANG_WARN_CONSTANT_CONVERSION = YES;
				CLANG_WARN_DEPRECATED_OBJC_IMPLEMENTATIONS 
= YES;
				CLANG_WARN_DIRECT_OBJC_ISA_USAGE = 
YES_ERROR;
				CLANG_WARN_DOCUMENTATION_COMMENTS = YES;
				CLANG_WARN_EMPTY_BODY = YES;
				CLANG_WARN_ENUM_CONVERSION = YES;
				CLANG_WARN_INFINITE_RECURSION = YES;
				CLANG_WARN_INT_CONVERSION = YES;
				CLANG_WARN_NON_LITERAL_NULL_CONVERSION = 
YES;
				CLANG_WARN_OBJC_IMPLICIT_RETAIN_SELF = 
YES;
				CLANG_WARN_OBJC_LITERAL_CONVERSION = YES;
				CLANG_WARN_OBJC_ROOT_CLASS = YES_ERROR;
				
CLANG_WARN_QUOTED_INCLUDE_IN_FRAMEWORK_HEADER = YES;
				CLANG_WARN_RANGE_LOOP_ANALYSIS = YES;
				CLANG_WARN_STRICT_PROTOTYPES = YES;
				CLANG_WARN_SUSPICIOUS_MOVE = YES;
				CLANG_WARN_UNGUARDED_AVAILABILITY = 
YES_AGGRESSIVE;
				CLANG_WARN_UNREACHABLE_CODE = YES;
				CLANG_WARN__DUPLICATE_METHOD_MATCH = YES;
				COPY_PHASE_STRIP = NO;
				DEBUG_INFORMATION_FORMAT = 
"dwarf-with-dsym";
				ENABLE_NS_ASSERTIONS = NO;
				ENABLE_STRICT_OBJC_MSGSEND = YES;
				GCC_C_LANGUAGE_STANDARD = gnu11;
				GCC_NO_COMMON_BLOCKS = YES;
				GCC_WARN_64_TO_32_BIT_CONVERSION = YES;
				GCC_WARN_ABOUT_RETURN_TYPE = YES_ERROR;
				GCC_WARN_UNDECLARED_SELECTOR = YES;
				GCC_WARN_UNINITIALIZED_AUTOS = 
YES_AGGRESSIVE;
				GCC_WARN_UNUSED_FUNCTION = YES;
				GCC_WARN_UNUSED_VARIABLE = YES;
				IPHONEOS_DEPLOYMENT_TARGET = 15.5;
				MTL_ENABLE_DEBUG_INFO = NO;
				MTL_FAST_MATH = YES;
				SDKROOT = iphoneos;
				SWIFT_COMPILATION_MODE = wholemodule;
				SWIFT_OPTIMIZATION_LEVEL = "-O";
				VALIDATE_PRODUCT = YES;
			};
			name = Release;
		};
		FB2A94AF28CA9B7900F64DF1 /* Debug */ = {
			isa = XCBuildConfiguration;
			buildSettings = {
				ASSETCATALOG_COMPILER_APPICON_NAME = 
AppIcon;
				
ASSETCATALOG_COMPILER_GLOBAL_ACCENT_COLOR_NAME = AccentColor;
				CODE_SIGN_STYLE = Automatic;
				CURRENT_PROJECT_VERSION = 1;
				DEVELOPMENT_ASSET_PATHS = 
"\"BarteringApp/Preview Content\"";
				DEVELOPMENT_TEAM = A93P32RDMK;
				ENABLE_PREVIEWS = YES;
				GENERATE_INFOPLIST_FILE = YES;
				
INFOPLIST_KEY_UIApplicationSceneManifest_Generation = YES;
				
INFOPLIST_KEY_UIApplicationSupportsIndirectInputEvents = YES;
				INFOPLIST_KEY_UILaunchScreen_Generation = 
YES;
				
INFOPLIST_KEY_UISupportedInterfaceOrientations_iPad = 
"UIInterfaceOrientationPortrait UIInterfaceOrientationPortraitUpsideDown 
UIInterfaceOrientationLandscapeLeft UIInterfaceOrientationLandscapeRight";
				
INFOPLIST_KEY_UISupportedInterfaceOrientations_iPhone = 
"UIInterfaceOrientationPortrait UIInterfaceOrientationLandscapeLeft 
UIInterfaceOrientationLandscapeRight";
				LD_RUNPATH_SEARCH_PATHS = (
					"$(inherited)",
					"@executable_path/Frameworks",
				);
				MARKETING_VERSION = 1.0;
				PRODUCT_BUNDLE_IDENTIFIER = 
placeholder.BarteringApp;
				PRODUCT_NAME = "$(TARGET_NAME)";
				SWIFT_EMIT_LOC_STRINGS = YES;
				SWIFT_VERSION = 5.0;
				TARGETED_DEVICE_FAMILY = "1,2";
			};
			name = Debug;
		};
		FB2A94B028CA9B7900F64DF1 /* Release */ = {
			isa = XCBuildConfiguration;
			buildSettings = {
				ASSETCATALOG_COMPILER_APPICON_NAME = 
AppIcon;
				
ASSETCATALOG_COMPILER_GLOBAL_ACCENT_COLOR_NAME = AccentColor;
				CODE_SIGN_STYLE = Automatic;
				CURRENT_PROJECT_VERSION = 1;
				DEVELOPMENT_ASSET_PATHS = 
"\"BarteringApp/Preview Content\"";
				DEVELOPMENT_TEAM = A93P32RDMK;
				ENABLE_PREVIEWS = YES;
				GENERATE_INFOPLIST_FILE = YES;
				
INFOPLIST_KEY_UIApplicationSceneManifest_Generation = YES;
				
INFOPLIST_KEY_UIApplicationSupportsIndirectInputEvents = YES;
				INFOPLIST_KEY_UILaunchScreen_Generation = 
YES;
				
INFOPLIST_KEY_UISupportedInterfaceOrientations_iPad = 
"UIInterfaceOrientationPortrait UIInterfaceOrientationPortraitUpsideDown 
UIInterfaceOrientationLandscapeLeft UIInterfaceOrientationLandscapeRight";
				
INFOPLIST_KEY_UISupportedInterfaceOrientations_iPhone = 
"UIInterfaceOrientationPortrait UIInterfaceOrientationLandscapeLeft 
UIInterfaceOrientationLandscapeRight";
				LD_RUNPATH_SEARCH_PATHS = (
					"$(inherited)",
					"@executable_path/Frameworks",
				);
				MARKETING_VERSION = 1.0;
				PRODUCT_BUNDLE_IDENTIFIER = 
placeholder.BarteringApp;
				PRODUCT_NAME = "$(TARGET_NAME)";
				SWIFT_EMIT_LOC_STRINGS = YES;
				SWIFT_VERSION = 5.0;
				TARGETED_DEVICE_FAMILY = "1,2";
			};
			name = Release;
		};
		FB2A94B228CA9B7900F64DF1 /* Debug */ = {
			isa = XCBuildConfiguration;
			buildSettings = {
				ALWAYS_EMBED_SWIFT_STANDARD_LIBRARIES = 
YES;
				BUNDLE_LOADER = "$(TEST_HOST)";
				CODE_SIGN_STYLE = Automatic;
				CURRENT_PROJECT_VERSION = 1;
				DEVELOPMENT_TEAM = A93P32RDMK;
				GENERATE_INFOPLIST_FILE = YES;
				IPHONEOS_DEPLOYMENT_TARGET = 15.5;
				MARKETING_VERSION = 1.0;
				PRODUCT_BUNDLE_IDENTIFIER = 
placeholder.BarteringAppTests;
				PRODUCT_NAME = "$(TARGET_NAME)";
				SWIFT_EMIT_LOC_STRINGS = NO;
				SWIFT_VERSION = 5.0;
				TARGETED_DEVICE_FAMILY = "1,2";
				TEST_HOST = 
"$(BUILT_PRODUCTS_DIR)/BarteringApp.app/BarteringApp";
			};
			name = Debug;
		};
		FB2A94B328CA9B7900F64DF1 /* Release */ = {
			isa = XCBuildConfiguration;
			buildSettings = {
				ALWAYS_EMBED_SWIFT_STANDARD_LIBRARIES = 
YES;
				BUNDLE_LOADER = "$(TEST_HOST)";
				CODE_SIGN_STYLE = Automatic;
				CURRENT_PROJECT_VERSION = 1;
				DEVELOPMENT_TEAM = A93P32RDMK;
				GENERATE_INFOPLIST_FILE = YES;
				IPHONEOS_DEPLOYMENT_TARGET = 15.5;
				MARKETING_VERSION = 1.0;
				PRODUCT_BUNDLE_IDENTIFIER = 
placeholder.BarteringAppTests;
				PRODUCT_NAME = "$(TARGET_NAME)";
				SWIFT_EMIT_LOC_STRINGS = NO;
				SWIFT_VERSION = 5.0;
				TARGETED_DEVICE_FAMILY = "1,2";
				TEST_HOST = 
"$(BUILT_PRODUCTS_DIR)/BarteringApp.app/BarteringApp";
			};
			name = Release;
		};
		FB2A94B528CA9B7900F64DF1 /* Debug */ = {
			isa = XCBuildConfiguration;
			buildSettings = {
				ALWAYS_EMBED_SWIFT_STANDARD_LIBRARIES = 
YES;
				CODE_SIGN_STYLE = Automatic;
				CURRENT_PROJECT_VERSION = 1;
				DEVELOPMENT_TEAM = A93P32RDMK;
				GENERATE_INFOPLIST_FILE = YES;
				MARKETING_VERSION = 1.0;
				PRODUCT_BUNDLE_IDENTIFIER = 
placeholder.BarteringAppUITests;
				PRODUCT_NAME = "$(TARGET_NAME)";
				SWIFT_EMIT_LOC_STRINGS = NO;
				SWIFT_VERSION = 5.0;
				TARGETED_DEVICE_FAMILY = "1,2";
				TEST_TARGET_NAME = BarteringApp;
			};
			name = Debug;
		};
		FB2A94B628CA9B7900F64DF1 /* Release */ = {
			isa = XCBuildConfiguration;
			buildSettings = {
				ALWAYS_EMBED_SWIFT_STANDARD_LIBRARIES = 
YES;
				CODE_SIGN_STYLE = Automatic;
				CURRENT_PROJECT_VERSION = 1;
				DEVELOPMENT_TEAM = A93P32RDMK;
				GENERATE_INFOPLIST_FILE = YES;
				MARKETING_VERSION = 1.0;
				PRODUCT_BUNDLE_IDENTIFIER = 
placeholder.BarteringAppUITests;
				PRODUCT_NAME = "$(TARGET_NAME)";
				SWIFT_EMIT_LOC_STRINGS = NO;
				SWIFT_VERSION = 5.0;
				TARGETED_DEVICE_FAMILY = "1,2";
				TEST_TARGET_NAME = BarteringApp;
			};
			name = Release;
		};
/* End XCBuildConfiguration section */

/* Begin XCConfigurationList section */
		FB2A948528CA9B7800F64DF1 /* Build configuration list for 
PBXProject "BarteringApp" */ = {
			isa = XCConfigurationList;
			buildConfigurations = (
				FB2A94AC28CA9B7900F64DF1 /* Debug */,
				FB2A94AD28CA9B7900F64DF1 /* Release */,
			);
			defaultConfigurationIsVisible = 0;
			defaultConfigurationName = Release;
		};
		FB2A94AE28CA9B7900F64DF1 /* Build configuration list for 
PBXNativeTarget "BarteringApp" */ = {
			isa = XCConfigurationList;
			buildConfigurations = (
				FB2A94AF28CA9B7900F64DF1 /* Debug */,
				FB2A94B028CA9B7900F64DF1 /* Release */,
			);
			defaultConfigurationIsVisible = 0;
			defaultConfigurationName = Release;
		};
		FB2A94B128CA9B7900F64DF1 /* Build configuration list for 
PBXNativeTarget "BarteringAppTests" */ = {
			isa = XCConfigurationList;
			buildConfigurations = (
				FB2A94B228CA9B7900F64DF1 /* Debug */,
				FB2A94B328CA9B7900F64DF1 /* Release */,
			);
			defaultConfigurationIsVisible = 0;
			defaultConfigurationName = Release;
		};
		FB2A94B428CA9B7900F64DF1 /* Build configuration list for 
PBXNativeTarget "BarteringAppUITests" */ = {
			isa = XCConfigurationList;
			buildConfigurations = (
				FB2A94B528CA9B7900F64DF1 /* Debug */,
				FB2A94B628CA9B7900F64DF1 /* Release */,
			);
			defaultConfigurationIsVisible = 0;
			defaultConfigurationName = Release;
		};
/* End XCConfigurationList section */
	};
	rootObject = FB2A948228CA9B7800F64DF1 /* Project object */;
}
