// !$*UTF8*$!
{
	archiveVersion = 1;
	classes = {
	};
	objectVersion = 55;
	objects = {

/* Begin PBXBuildFile section */
		367233632918446300FC21AF /* BarteringAppApp.swift in Sources */ = {isa = PBXBuildFile; fileRef = 367233622918446300FC21AF /* BarteringAppApp.swift */; };
		36723369291844A300FC21AF /* DocumentUpload.swift in Sources */ = {isa = PBXBuildFile; fileRef = 36723368291844A300FC21AF /* DocumentUpload.swift */; };
		3672336B291844AC00FC21AF /* InputOffer.swift in Sources */ = {isa = PBXBuildFile; fileRef = 3672336A291844AC00FC21AF /* InputOffer.swift */; };
		3672337529185B8500FC21AF /* BarterInitiated2.swift in Sources */ = {isa = PBXBuildFile; fileRef = 3672337429185B8500FC21AF /* BarterInitiated2.swift */; };
		9A88224D28DE683C00995674 /* LoginPage.swift in Sources */ = {isa = PBXBuildFile; fileRef = 9A88224C28DE683C00995674 /* LoginPage.swift */; };
		9A9C4B1228E527CC00C05EB5 /* CreateAccount.swift in Sources */ = {isa = PBXBuildFile; fileRef = 9A9C4B1128E527CC00C05EB5 /* CreateAccount.swift */; };
		9A9C4B1428E52D8800C05EB5 /* VerifyBusiness.swift in Sources */ = {isa = PBXBuildFile; fileRef = 9A9C4B1328E52D8800C05EB5 /* VerifyBusiness.swift */; };
		9ABD6F63290B301600332EFA /* ProfilePage.swift in Sources */ = {isa = PBXBuildFile; fileRef = 9ABD6F62290B301600332EFA /* ProfilePage.swift */; };
		9AE50E1C28F9E8D3004DF1EE /* ChatPage.swift in Sources */ = {isa = PBXBuildFile; fileRef = 9AE50E1B28F9E8D3004DF1EE /* ChatPage.swift */; };
		9AEACCBA28D037FA00783F28 /* CompanyPage.swift in Sources */ = {isa = PBXBuildFile; fileRef = 9AEACCB928D037FA00783F28 /* CompanyPage.swift */; };
		9AEACCBC28D038BD00783F28 /* BarterInitiated.swift in Sources */ = {isa = PBXBuildFile; fileRef = 9AEACCBB28D038BD00783F28 /* BarterInitiated.swift */; };
		9ED972C728F719B100CDDE24 /* FoodServices.swift in Sources */ = {isa = PBXBuildFile; fileRef = 9ED972C428F719B100CDDE24 /* FoodServices.swift */; };
		9ED972C828F719B100CDDE24 /* BusinessServices.swift in Sources */ = {isa = PBXBuildFile; fileRef = 9ED972C528F719B100CDDE24 /* BusinessServices.swift */; };
		9ED972C928F719B100CDDE24 /* LaborServices.swift in Sources */ = {isa = PBXBuildFile; fileRef = 9ED972C328F719B100CDDE24 /* LaborServices.swift */; };
		9ED972CA28F719B100CDDE24 /* ProgrammingServices.swift in Sources */ = {isa = PBXBuildFile; fileRef = 9ED972C128F719B100CDDE24 /* ProgrammingServices.swift */; };
		9ED972CB28F719B100CDDE24 /* BarterSpecializedServices.swift in Sources */ = {isa = PBXBuildFile; fileRef = 9ED972C228F719B100CDDE24 /* BarterSpecializedServices.swift */; };
		9ED972CC28F719B100CDDE24 /* MiscServices.swift in Sources */ = {isa = PBXBuildFile; fileRef = 9ED972C628F719B100CDDE24 /* MiscServices.swift */; };
		9EE105E62927489F0046F071 /* TwoFactor.swift in Sources */ = {isa = PBXBuildFile; fileRef = 9EE105E52927489F0046F071 /* TwoFactor.swift */; };
		9EE105E82927490C0046F071 /* GoogleService-Info.plist in Resources */ = {isa = PBXBuildFile; fileRef = 9EE105E72927490C0046F071 /* GoogleService-Info.plist */; };
		9EE105EA29274BCF0046F071 /* ContentView.swift in Sources */ = {isa = PBXBuildFile; fileRef = 9EE105E929274BCF0046F071 /* ContentView.swift */; };
		9EE105ED29274D9F0046F071 /* NavigationBar.swift in Sources */ = {isa = PBXBuildFile; fileRef = 9EE105EB29274D9F0046F071 /* NavigationBar.swift */; };
		9EE105F029274DCF0046F071 /* HomePage.swift in Sources */ = {isa = PBXBuildFile; fileRef = 9EE105EF29274DCF0046F071 /* HomePage.swift */; };
		9EE105F229274DE10046F071 /* ExplorePage.swift in Sources */ = {isa = PBXBuildFile; fileRef = 9EE105F129274DE10046F071 /* ExplorePage.swift */; };
		9EE105F429274DEE0046F071 /* SearchBar.swift in Sources */ = {isa = PBXBuildFile; fileRef = 9EE105F329274DEE0046F071 /* SearchBar.swift */; };
		BF591C8229148D1C004FF9FC /* Settings.swift in Sources */ = {isa = PBXBuildFile; fileRef = BF591C8129148D1C004FF9FC /* Settings.swift */; };
		BF591C8729179291004FF9FC /* TitleRow.swift in Sources */ = {isa = PBXBuildFile; fileRef = BF591C8629179291004FF9FC /* TitleRow.swift */; };
		BF591C8A291857B8004FF9FC /* Message.swift in Sources */ = {isa = PBXBuildFile; fileRef = BF591C89291857B8004FF9FC /* Message.swift */; };
		BF591C8C29185819004FF9FC /* MessageBubble.swift in Sources */ = {isa = PBXBuildFile; fileRef = BF591C8B29185819004FF9FC /* MessageBubble.swift */; };
		BF591C8E29185B74004FF9FC /* MessageView.swift in Sources */ = {isa = PBXBuildFile; fileRef = BF591C8D29185B74004FF9FC /* MessageView.swift */; };
		BF591C9029185E76004FF9FC /* Extensions.swift in Sources */ = {isa = PBXBuildFile; fileRef = BF591C8F29185E76004FF9FC /* Extensions.swift */; };
		BF591C922918CE26004FF9FC /* MessageField.swift in Sources */ = {isa = PBXBuildFile; fileRef = BF591C912918CE26004FF9FC /* MessageField.swift */; };
		BF591C972918DE3D004FF9FC /* FirebaseFirestore in Frameworks */ = {isa = PBXBuildFile; productRef = BF591C962918DE3D004FF9FC /* FirebaseFirestore */; };
		BF591C992918DE3D004FF9FC /* FirebaseFirestoreSwift in Frameworks */ = {isa = PBXBuildFile; productRef = BF591C982918DE3D004FF9FC /* FirebaseFirestoreSwift */; };
		BF591C9B29196A06004FF9FC /* MessagesManager.swift in Sources */ = {isa = PBXBuildFile; fileRef = BF591C9A29196A06004FF9FC /* MessagesManager.swift */; };
		FB2A949228CA9B7900F64DF1 /* Assets.xcassets in Resources */ = {isa = PBXBuildFile; fileRef = FB2A949128CA9B7900F64DF1 /* Assets.xcassets */; };
		FB2A949F28CA9B7900F64DF1 /* BarteringAppTests.swift in Sources */ = {isa = PBXBuildFile; fileRef = FB2A949E28CA9B7900F64DF1 /* BarteringAppTests.swift */; };
		FB2A94A928CA9B7900F64DF1 /* BarteringAppUITests.swift in Sources */ = {isa = PBXBuildFile; fileRef = FB2A94A828CA9B7900F64DF1 /* BarteringAppUITests.swift */; };
		FB2A94AB28CA9B7900F64DF1 /* BarteringAppUITestsLaunchTests.swift in Sources */ = {isa = PBXBuildFile; fileRef = FB2A94AA28CA9B7900F64DF1 /* BarteringAppUITestsLaunchTests.swift */; };
/* End PBXBuildFile section */

/* Begin PBXContainerItemProxy section */
		FB2A949B28CA9B7900F64DF1 /* PBXContainerItemProxy */ = {
			isa = PBXContainerItemProxy;
			containerPortal = FB2A948228CA9B7800F64DF1 /* Project object */;
			proxyType = 1;
			remoteGlobalIDString = FB2A948928CA9B7800F64DF1;
			remoteInfo = BarteringApp;
		};
		FB2A94A528CA9B7900F64DF1 /* PBXContainerItemProxy */ = {
			isa = PBXContainerItemProxy;
			containerPortal = FB2A948228CA9B7800F64DF1 /* Project object */;
			proxyType = 1;
			remoteGlobalIDString = FB2A948928CA9B7800F64DF1;
			remoteInfo = BarteringApp;
		};
/* End PBXContainerItemProxy section */

/* Begin PBXFileReference section */
		367233622918446300FC21AF /* BarteringAppApp.swift */ = {isa = PBXFileReference; fileEncoding = 4; lastKnownFileType = sourcecode.swift; path = BarteringAppApp.swift; sourceTree = "<group>"; };
		36723368291844A300FC21AF /* DocumentUpload.swift */ = {isa = PBXFileReference; fileEncoding = 4; lastKnownFileType = sourcecode.swift; path = DocumentUpload.swift; sourceTree = "<group>"; };
		3672336A291844AC00FC21AF /* InputOffer.swift */ = {isa = PBXFileReference; fileEncoding = 4; lastKnownFileType = sourcecode.swift; path = InputOffer.swift; sourceTree = "<group>"; };
		3672336C291844BA00FC21AF /* ProfilePage.swift */ = {isa = PBXFileReference; fileEncoding = 4; lastKnownFileType = sourcecode.swift; path = ProfilePage.swift; sourceTree = "<group>"; };
		36723370291844D000FC21AF /* Settings.swift */ = {isa = PBXFileReference; fileEncoding = 4; lastKnownFileType = sourcecode.swift; path = Settings.swift; sourceTree = "<group>"; };
		3672337429185B8500FC21AF /* BarterInitiated2.swift */ = {isa = PBXFileReference; lastKnownFileType = sourcecode.swift; path = BarterInitiated2.swift; sourceTree = "<group>"; };
		9A88224C28DE683C00995674 /* LoginPage.swift */ = {isa = PBXFileReference; lastKnownFileType = sourcecode.swift; path = LoginPage.swift; sourceTree = "<group>"; };
		9A9C4B1128E527CC00C05EB5 /* CreateAccount.swift */ = {isa = PBXFileReference; lastKnownFileType = sourcecode.swift; path = CreateAccount.swift; sourceTree = "<group>"; };
		9A9C4B1328E52D8800C05EB5 /* VerifyBusiness.swift */ = {isa = PBXFileReference; lastKnownFileType = sourcecode.swift; path = VerifyBusiness.swift; sourceTree = "<group>"; };
		9ABD6F62290B301600332EFA /* ProfilePage.swift */ = {isa = PBXFileReference; lastKnownFileType = sourcecode.swift; path = ProfilePage.swift; sourceTree = "<group>"; };
		9AE50E1B28F9E8D3004DF1EE /* ChatPage.swift */ = {isa = PBXFileReference; lastKnownFileType = sourcecode.swift; path = ChatPage.swift; sourceTree = "<group>"; };
		9AEACCB928D037FA00783F28 /* CompanyPage.swift */ = {isa = PBXFileReference; lastKnownFileType = sourcecode.swift; path = CompanyPage.swift; sourceTree = "<group>"; };
		9AEACCBB28D038BD00783F28 /* BarterInitiated.swift */ = {isa = PBXFileReference; lastKnownFileType = sourcecode.swift; path = BarterInitiated.swift; sourceTree = "<group>"; };
		9ED972C128F719B100CDDE24 /* ProgrammingServices.swift */ = {isa = PBXFileReference; lastKnownFileType = sourcecode.swift; path = ProgrammingServices.swift; sourceTree = "<group>"; };
		9ED972C228F719B100CDDE24 /* BarterSpecializedServices.swift */ = {isa = PBXFileReference; lastKnownFileType = sourcecode.swift; path = BarterSpecializedServices.swift; sourceTree = "<group>"; };
		9ED972C328F719B100CDDE24 /* LaborServices.swift */ = {isa = PBXFileReference; lastKnownFileType = sourcecode.swift; path = LaborServices.swift; sourceTree = "<group>"; };
		9ED972C428F719B100CDDE24 /* FoodServices.swift */ = {isa = PBXFileReference; lastKnownFileType = sourcecode.swift; path = FoodServices.swift; sourceTree = "<group>"; };
		9ED972C528F719B100CDDE24 /* BusinessServices.swift */ = {isa = PBXFileReference; lastKnownFileType = sourcecode.swift; path = BusinessServices.swift; sourceTree = "<group>"; };
		9ED972C628F719B100CDDE24 /* MiscServices.swift */ = {isa = PBXFileReference; lastKnownFileType = sourcecode.swift; path = MiscServices.swift; sourceTree = "<group>"; };
		9EE105E52927489F0046F071 /* TwoFactor.swift */ = {isa = PBXFileReference; fileEncoding = 4; lastKnownFileType = sourcecode.swift; path = TwoFactor.swift; sourceTree = "<group>"; };
		9EE105E72927490C0046F071 /* GoogleService-Info.plist */ = {isa = PBXFileReference; fileEncoding = 4; lastKnownFileType = text.plist.xml; path = "GoogleService-Info.plist"; sourceTree = "<group>"; };
		9EE105E929274BCF0046F071 /* ContentView.swift */ = {isa = PBXFileReference; lastKnownFileType = sourcecode.swift; path = ContentView.swift; sourceTree = "<group>"; };
		9EE105EB29274D9F0046F071 /* NavigationBar.swift */ = {isa = PBXFileReference; fileEncoding = 4; lastKnownFileType = sourcecode.swift; path = NavigationBar.swift; sourceTree = "<group>"; };
		9EE105EF29274DCF0046F071 /* HomePage.swift */ = {isa = PBXFileReference; fileEncoding = 4; lastKnownFileType = sourcecode.swift; path = HomePage.swift; sourceTree = "<group>"; };
		9EE105F129274DE10046F071 /* ExplorePage.swift */ = {isa = PBXFileReference; fileEncoding = 4; lastKnownFileType = sourcecode.swift; path = ExplorePage.swift; sourceTree = "<group>"; };
		9EE105F329274DEE0046F071 /* SearchBar.swift */ = {isa = PBXFileReference; fileEncoding = 4; lastKnownFileType = sourcecode.swift; path = SearchBar.swift; sourceTree = "<group>"; };
		BF591C8129148D1C004FF9FC /* Settings.swift */ = {isa = PBXFileReference; lastKnownFileType = sourcecode.swift; path = Settings.swift; sourceTree = "<group>"; };
		BF591C8629179291004FF9FC /* TitleRow.swift */ = {isa = PBXFileReference; lastKnownFileType = sourcecode.swift; path = TitleRow.swift; sourceTree = "<group>"; };
		BF591C89291857B8004FF9FC /* Message.swift */ = {isa = PBXFileReference; lastKnownFileType = sourcecode.swift; path = Message.swift; sourceTree = "<group>"; };
		BF591C8B29185819004FF9FC /* MessageBubble.swift */ = {isa = PBXFileReference; lastKnownFileType = sourcecode.swift; path = MessageBubble.swift; sourceTree = "<group>"; };
		BF591C8D29185B74004FF9FC /* MessageView.swift */ = {isa = PBXFileReference; lastKnownFileType = sourcecode.swift; path = MessageView.swift; sourceTree = "<group>"; };
		BF591C8F29185E76004FF9FC /* Extensions.swift */ = {isa = PBXFileReference; lastKnownFileType = sourcecode.swift; path = Extensions.swift; sourceTree = "<group>"; };
		BF591C912918CE26004FF9FC /* MessageField.swift */ = {isa = PBXFileReference; lastKnownFileType = sourcecode.swift; path = MessageField.swift; sourceTree = "<group>"; };
		BF591C9A29196A06004FF9FC /* MessagesManager.swift */ = {isa = PBXFileReference; lastKnownFileType = sourcecode.swift; path = MessagesManager.swift; sourceTree = "<group>"; };
		FB2A948A28CA9B7800F64DF1 /* BarteringApp.app */ = {isa = PBXFileReference; explicitFileType = wrapper.application; includeInIndex = 0; path = BarteringApp.app; sourceTree = BUILT_PRODUCTS_DIR; };
		FB2A948D28CA9B7800F64DF1 /* BarteringAppApp.swift */ = {isa = PBXFileReference; lastKnownFileType = sourcecode.swift; path = BarteringAppApp.swift; sourceTree = "<group>"; };
		FB2A949128CA9B7900F64DF1 /* Assets.xcassets */ = {isa = PBXFileReference; lastKnownFileType = folder.assetcatalog; path = Assets.xcassets; sourceTree = "<group>"; };
		FB2A949A28CA9B7900F64DF1 /* BarteringAppTests.xctest */ = {isa = PBXFileReference; explicitFileType = wrapper.cfbundle; includeInIndex = 0; path = BarteringAppTests.xctest; sourceTree = BUILT_PRODUCTS_DIR; };
		FB2A949E28CA9B7900F64DF1 /* BarteringAppTests.swift */ = {isa = PBXFileReference; lastKnownFileType = sourcecode.swift; path = BarteringAppTests.swift; sourceTree = "<group>"; };
		FB2A94A428CA9B7900F64DF1 /* BarteringAppUITests.xctest */ = {isa = PBXFileReference; explicitFileType = wrapper.cfbundle; includeInIndex = 0; path = BarteringAppUITests.xctest; sourceTree = BUILT_PRODUCTS_DIR; };
		FB2A94A828CA9B7900F64DF1 /* BarteringAppUITests.swift */ = {isa = PBXFileReference; lastKnownFileType = sourcecode.swift; path = BarteringAppUITests.swift; sourceTree = "<group>"; };
		FB2A94AA28CA9B7900F64DF1 /* BarteringAppUITestsLaunchTests.swift */ = {isa = PBXFileReference; lastKnownFileType = sourcecode.swift; path = BarteringAppUITestsLaunchTests.swift; sourceTree = "<group>"; };
/* End PBXFileReference section */

/* Begin PBXFrameworksBuildPhase section */
		FB2A948728CA9B7800F64DF1 /* Frameworks */ = {
			isa = PBXFrameworksBuildPhase;
			buildActionMask = 2147483647;
			files = (
				BF591C972918DE3D004FF9FC /* FirebaseFirestore in Frameworks */,
				BF591C992918DE3D004FF9FC /* FirebaseFirestoreSwift in Frameworks */,
			);
			runOnlyForDeploymentPostprocessing = 0;
		};
		FB2A949728CA9B7900F64DF1 /* Frameworks */ = {
			isa = PBXFrameworksBuildPhase;
			buildActionMask = 2147483647;
			files = (
			);
			runOnlyForDeploymentPostprocessing = 0;
		};
		FB2A94A128CA9B7900F64DF1 /* Frameworks */ = {
			isa = PBXFrameworksBuildPhase;
			buildActionMask = 2147483647;
			files = (
			);
			runOnlyForDeploymentPostprocessing = 0;
		};
/* End PBXFrameworksBuildPhase section */

/* Begin PBXGroup section */
		BF591C8429179252004FF9FC /* Messages */ = {
			isa = PBXGroup;
			children = (
				BF591C882918578E004FF9FC /* Models */,
				BF591C852917926E004FF9FC /* Components */,
				BF591C8D29185B74004FF9FC /* MessageView.swift */,
				BF591C8F29185E76004FF9FC /* Extensions.swift */,
				BF591C9A29196A06004FF9FC /* MessagesManager.swift */,
			);
			path = Messages;
			sourceTree = "<group>";
		};
		BF591C852917926E004FF9FC /* Components */ = {
			isa = PBXGroup;
			children = (
				BF591C8629179291004FF9FC /* TitleRow.swift */,
				BF591C8B29185819004FF9FC /* MessageBubble.swift */,
				BF591C912918CE26004FF9FC /* MessageField.swift */,
			);
			path = Components;
			sourceTree = "<group>";
		};
		BF591C882918578E004FF9FC /* Models */ = {
			isa = PBXGroup;
			children = (
				BF591C89291857B8004FF9FC /* Message.swift */,
			);
			path = Models;
			sourceTree = "<group>";
		};
		FB2A948128CA9B7800F64DF1 = {
			isa = PBXGroup;
			children = (
				FB2A948C28CA9B7800F64DF1 /* BarteringApp */,
				FB2A949D28CA9B7900F64DF1 /* BarteringAppTests */,
				FB2A94A728CA9B7900F64DF1 /* BarteringAppUITests */,
				FB2A948B28CA9B7800F64DF1 /* Products */,
			);
			sourceTree = "<group>";
		};
		FB2A948B28CA9B7800F64DF1 /* Products */ = {
			isa = PBXGroup;
			children = (
				FB2A948A28CA9B7800F64DF1 /* BarteringApp.app */,
				FB2A949A28CA9B7900F64DF1 /* BarteringAppTests.xctest */,
				FB2A94A428CA9B7900F64DF1 /* BarteringAppUITests.xctest */,
			);
			name = Products;
			sourceTree = "<group>";
		};
		FB2A948C28CA9B7800F64DF1 /* BarteringApp */ = {
			isa = PBXGroup;
			children = (
				9EE105EB29274D9F0046F071 /* NavigationBar.swift */,
				9EE105EF29274DCF0046F071 /* HomePage.swift */,
				9EE105E72927490C0046F071 /* GoogleService-Info.plist */,
				9EE105E52927489F0046F071 /* TwoFactor.swift */,
				36723368291844A300FC21AF /* DocumentUpload.swift */,
				367233622918446300FC21AF /* BarteringAppApp.swift */,
				9EE105F329274DEE0046F071 /* SearchBar.swift */,
				3672336A291844AC00FC21AF /* InputOffer.swift */,
				3672336C291844BA00FC21AF /* ProfilePage.swift */,
				9EE105F129274DE10046F071 /* ExplorePage.swift */,
				36723370291844D000FC21AF /* Settings.swift */,
				BF591C8429179252004FF9FC /* Messages */,
				3672337429185B8500FC21AF /* BarterInitiated2.swift */,
				9AE50E1B28F9E8D3004DF1EE /* ChatPage.swift */,
				9ABD6F62290B301600332EFA /* ProfilePage.swift */,
				BF591C8129148D1C004FF9FC /* Settings.swift */,
				9ED972C228F719B100CDDE24 /* BarterSpecializedServices.swift */,
				9ED972C528F719B100CDDE24 /* BusinessServices.swift */,
				9ED972C428F719B100CDDE24 /* FoodServices.swift */,
				9ED972C328F719B100CDDE24 /* LaborServices.swift */,
				9ED972C628F719B100CDDE24 /* MiscServices.swift */,
				9ED972C128F719B100CDDE24 /* ProgrammingServices.swift */,
				FB2A948D28CA9B7800F64DF1 /* BarteringAppApp.swift */,
				FB2A949128CA9B7900F64DF1 /* Assets.xcassets */,
				FB2A949328CA9B7900F64DF1 /* Preview Content */,
				9AEACCB928D037FA00783F28 /* CompanyPage.swift */,
				9AEACCBB28D038BD00783F28 /* BarterInitiated.swift */,
				9A88224C28DE683C00995674 /* LoginPage.swift */,
				9A9C4B1128E527CC00C05EB5 /* CreateAccount.swift */,
				9A9C4B1328E52D8800C05EB5 /* VerifyBusiness.swift */,
				9EE105E929274BCF0046F071 /* ContentView.swift */,
			);
			path = BarteringApp;
			sourceTree = "<group>";
		};
		FB2A949328CA9B7900F64DF1 /* Preview Content */ = {
			isa = PBXGroup;
			children = (
			);
			path = "Preview Content";
			sourceTree = "<group>";
		};
		FB2A949D28CA9B7900F64DF1 /* BarteringAppTests */ = {
			isa = PBXGroup;
			children = (
				FB2A949E28CA9B7900F64DF1 /* BarteringAppTests.swift */,
			);
			path = BarteringAppTests;
			sourceTree = "<group>";
		};
		FB2A94A728CA9B7900F64DF1 /* BarteringAppUITests */ = {
			isa = PBXGroup;
			children = (
				FB2A94A828CA9B7900F64DF1 /* BarteringAppUITests.swift */,
				FB2A94AA28CA9B7900F64DF1 /* BarteringAppUITestsLaunchTests.swift */,
			);
			path = BarteringAppUITests;
			sourceTree = "<group>";
		};
/* End PBXGroup section */

/* Begin PBXNativeTarget section */
		FB2A948928CA9B7800F64DF1 /* BarteringApp */ = {
			isa = PBXNativeTarget;
			buildConfigurationList = FB2A94AE28CA9B7900F64DF1 /* Build configuration list for PBXNativeTarget "BarteringApp" */;
			buildPhases = (
				FB2A948628CA9B7800F64DF1 /* Sources */,
				FB2A948728CA9B7800F64DF1 /* Frameworks */,
				FB2A948828CA9B7800F64DF1 /* Resources */,
			);
			buildRules = (
			);
			dependencies = (
			);
			name = BarteringApp;
			packageProductDependencies = (
				BF591C962918DE3D004FF9FC /* FirebaseFirestore */,
				BF591C982918DE3D004FF9FC /* FirebaseFirestoreSwift */,
			);
			productName = BarteringApp;
			productReference = FB2A948A28CA9B7800F64DF1 /* BarteringApp.app */;
			productType = "com.apple.product-type.application";
		};
		FB2A949928CA9B7900F64DF1 /* BarteringAppTests */ = {
			isa = PBXNativeTarget;
			buildConfigurationList = FB2A94B128CA9B7900F64DF1 /* Build configuration list for PBXNativeTarget "BarteringAppTests" */;
			buildPhases = (
				FB2A949628CA9B7900F64DF1 /* Sources */,
				FB2A949728CA9B7900F64DF1 /* Frameworks */,
				FB2A949828CA9B7900F64DF1 /* Resources */,
			);
			buildRules = (
			);
			dependencies = (
				FB2A949C28CA9B7900F64DF1 /* PBXTargetDependency */,
			);
			name = BarteringAppTests;
			productName = BarteringAppTests;
			productReference = FB2A949A28CA9B7900F64DF1 /* BarteringAppTests.xctest */;
			productType = "com.apple.product-type.bundle.unit-test";
		};
		FB2A94A328CA9B7900F64DF1 /* BarteringAppUITests */ = {
			isa = PBXNativeTarget;
			buildConfigurationList = FB2A94B428CA9B7900F64DF1 /* Build configuration list for PBXNativeTarget "BarteringAppUITests" */;
			buildPhases = (
				FB2A94A028CA9B7900F64DF1 /* Sources */,
				FB2A94A128CA9B7900F64DF1 /* Frameworks */,
				FB2A94A228CA9B7900F64DF1 /* Resources */,
			);
			buildRules = (
			);
			dependencies = (
				FB2A94A628CA9B7900F64DF1 /* PBXTargetDependency */,
			);
			name = BarteringAppUITests;
			productName = BarteringAppUITests;
			productReference = FB2A94A428CA9B7900F64DF1 /* BarteringAppUITests.xctest */;
			productType = "com.apple.product-type.bundle.ui-testing";
		};
/* End PBXNativeTarget section */

/* Begin PBXProject section */
		FB2A948228CA9B7800F64DF1 /* Project object */ = {
			isa = PBXProject;
			attributes = {
				BuildIndependentTargetsInParallel = 1;
				LastSwiftUpdateCheck = 1340;
				LastUpgradeCheck = 1410;
				TargetAttributes = {
					FB2A948928CA9B7800F64DF1 = {
						CreatedOnToolsVersion = 13.4.1;
					};
					FB2A949928CA9B7900F64DF1 = {
						CreatedOnToolsVersion = 13.4.1;
						TestTargetID = FB2A948928CA9B7800F64DF1;
					};
					FB2A94A328CA9B7900F64DF1 = {
						CreatedOnToolsVersion = 13.4.1;
						TestTargetID = FB2A948928CA9B7800F64DF1;
					};
				};
			};
			buildConfigurationList = FB2A948528CA9B7800F64DF1 /* Build configuration list for PBXProject "BarteringApp" */;
			compatibilityVersion = "Xcode 13.0";
			developmentRegion = en;
			hasScannedForEncodings = 0;
			knownRegions = (
				en,
				Base,
			);
			mainGroup = FB2A948128CA9B7800F64DF1;
			packageReferences = (
				BF591C952918DE3D004FF9FC /* XCRemoteSwiftPackageReference "firebase-ios-sdk" */,
			);
			productRefGroup = FB2A948B28CA9B7800F64DF1 /* Products */;
			projectDirPath = "";
			projectRoot = "";
			targets = (
				FB2A948928CA9B7800F64DF1 /* BarteringApp */,
				FB2A949928CA9B7900F64DF1 /* BarteringAppTests */,
				FB2A94A328CA9B7900F64DF1 /* BarteringAppUITests */,
			);
		};
/* End PBXProject section */

/* Begin PBXResourcesBuildPhase section */
		FB2A948828CA9B7800F64DF1 /* Resources */ = {
			isa = PBXResourcesBuildPhase;
			buildActionMask = 2147483647;
			files = (
				9EE105E82927490C0046F071 /* GoogleService-Info.plist in Resources */,
				FB2A949228CA9B7900F64DF1 /* Assets.xcassets in Resources */,
			);
			runOnlyForDeploymentPostprocessing = 0;
		};
		FB2A949828CA9B7900F64DF1 /* Resources */ = {
			isa = PBXResourcesBuildPhase;
			buildActionMask = 2147483647;
			files = (
			);
			runOnlyForDeploymentPostprocessing = 0;
		};
		FB2A94A228CA9B7900F64DF1 /* Resources */ = {
			isa = PBXResourcesBuildPhase;
			buildActionMask = 2147483647;
			files = (
			);
			runOnlyForDeploymentPostprocessing = 0;
		};
/* End PBXResourcesBuildPhase section */

/* Begin PBXSourcesBuildPhase section */
		FB2A948628CA9B7800F64DF1 /* Sources */ = {
			isa = PBXSourcesBuildPhase;
			buildActionMask = 2147483647;
			files = (
				3672336B291844AC00FC21AF /* InputOffer.swift in Sources */,
				367233632918446300FC21AF /* BarteringAppApp.swift in Sources */,
				9EE105EA29274BCF0046F071 /* ContentView.swift in Sources */,
				3672337529185B8500FC21AF /* BarterInitiated2.swift in Sources */,
				36723369291844A300FC21AF /* DocumentUpload.swift in Sources */,
				9AEACCBC28D038BD00783F28 /* BarterInitiated.swift in Sources */,
				BF591C9029185E76004FF9FC /* Extensions.swift in Sources */,
				9ED972CC28F719B100CDDE24 /* MiscServices.swift in Sources */,
				BF591C8729179291004FF9FC /* TitleRow.swift in Sources */,
				9A9C4B1428E52D8800C05EB5 /* VerifyBusiness.swift in Sources */,
				9ED972CA28F719B100CDDE24 /* ProgrammingServices.swift in Sources */,
				9ED972C728F719B100CDDE24 /* FoodServices.swift in Sources */,
				9ED972CB28F719B100CDDE24 /* BarterSpecializedServices.swift in Sources */,
				9EE105F229274DE10046F071 /* ExplorePage.swift in Sources */,
				BF591C8E29185B74004FF9FC /* MessageView.swift in Sources */,
				9AEACCBA28D037FA00783F28 /* CompanyPage.swift in Sources */,
				BF591C8229148D1C004FF9FC /* Settings.swift in Sources */,
				BF591C8C29185819004FF9FC /* MessageBubble.swift in Sources */,
				BF591C9B29196A06004FF9FC /* MessagesManager.swift in Sources */,
				9A9C4B1228E527CC00C05EB5 /* CreateAccount.swift in Sources */,
				9AE50E1C28F9E8D3004DF1EE /* ChatPage.swift in Sources */,
				9EE105F429274DEE0046F071 /* SearchBar.swift in Sources */,
				9ABD6F63290B301600332EFA /* ProfilePage.swift in Sources */,
				9EE105ED29274D9F0046F071 /* NavigationBar.swift in Sources */,
				9ED972C928F719B100CDDE24 /* LaborServices.swift in Sources */,
				9EE105E62927489F0046F071 /* TwoFactor.swift in Sources */,
				9EE105F029274DCF0046F071 /* HomePage.swift in Sources */,
				9A88224D28DE683C00995674 /* LoginPage.swift in Sources */,
				BF591C8A291857B8004FF9FC /* Message.swift in Sources */,
				BF591C922918CE26004FF9FC /* MessageField.swift in Sources */,
				9ED972C828F719B100CDDE24 /* BusinessServices.swift in Sources */,
			);
			runOnlyForDeploymentPostprocessing = 0;
		};
		FB2A949628CA9B7900F64DF1 /* Sources */ = {
			isa = PBXSourcesBuildPhase;
			buildActionMask = 2147483647;
			files = (
				FB2A949F28CA9B7900F64DF1 /* BarteringAppTests.swift in Sources */,
			);
			runOnlyForDeploymentPostprocessing = 0;
		};
		FB2A94A028CA9B7900F64DF1 /* Sources */ = {
			isa = PBXSourcesBuildPhase;
			buildActionMask = 2147483647;
			files = (
				FB2A94A928CA9B7900F64DF1 /* BarteringAppUITests.swift in Sources */,
				FB2A94AB28CA9B7900F64DF1 /* BarteringAppUITestsLaunchTests.swift in Sources */,
			);
			runOnlyForDeploymentPostprocessing = 0;
		};
/* End PBXSourcesBuildPhase section */

/* Begin PBXTargetDependency section */
		FB2A949C28CA9B7900F64DF1 /* PBXTargetDependency */ = {
			isa = PBXTargetDependency;
			target = FB2A948928CA9B7800F64DF1 /* BarteringApp */;
			targetProxy = FB2A949B28CA9B7900F64DF1 /* PBXContainerItemProxy */;
		};
		FB2A94A628CA9B7900F64DF1 /* PBXTargetDependency */ = {
			isa = PBXTargetDependency;
			target = FB2A948928CA9B7800F64DF1 /* BarteringApp */;
			targetProxy = FB2A94A528CA9B7900F64DF1 /* PBXContainerItemProxy */;
		};
/* End PBXTargetDependency section */

/* Begin XCBuildConfiguration section */
		FB2A94AC28CA9B7900F64DF1 /* Debug */ = {
			isa = XCBuildConfiguration;
			buildSettings = {
				ALWAYS_SEARCH_USER_PATHS = NO;
				CLANG_ANALYZER_NONNULL = YES;
				CLANG_ANALYZER_NUMBER_OBJECT_CONVERSION = YES_AGGRESSIVE;
				CLANG_CXX_LANGUAGE_STANDARD = "gnu++17";
				CLANG_ENABLE_MODULES = YES;
				CLANG_ENABLE_OBJC_ARC = YES;
				CLANG_ENABLE_OBJC_WEAK = YES;
				CLANG_WARN_BLOCK_CAPTURE_AUTORELEASING = YES;
				CLANG_WARN_BOOL_CONVERSION = YES;
				CLANG_WARN_COMMA = YES;
				CLANG_WARN_CONSTANT_CONVERSION = YES;
				CLANG_WARN_DEPRECATED_OBJC_IMPLEMENTATIONS = YES;
				CLANG_WARN_DIRECT_OBJC_ISA_USAGE = YES_ERROR;
				CLANG_WARN_DOCUMENTATION_COMMENTS = YES;
				CLANG_WARN_EMPTY_BODY = YES;
				CLANG_WARN_ENUM_CONVERSION = YES;
				CLANG_WARN_INFINITE_RECURSION = YES;
				CLANG_WARN_INT_CONVERSION = YES;
				CLANG_WARN_NON_LITERAL_NULL_CONVERSION = YES;
				CLANG_WARN_OBJC_IMPLICIT_RETAIN_SELF = YES;
				CLANG_WARN_OBJC_LITERAL_CONVERSION = YES;
				CLANG_WARN_OBJC_ROOT_CLASS = YES_ERROR;
				CLANG_WARN_QUOTED_INCLUDE_IN_FRAMEWORK_HEADER = YES;
				CLANG_WARN_RANGE_LOOP_ANALYSIS = YES;
				CLANG_WARN_STRICT_PROTOTYPES = YES;
				CLANG_WARN_SUSPICIOUS_MOVE = YES;
				CLANG_WARN_UNGUARDED_AVAILABILITY = YES_AGGRESSIVE;
				CLANG_WARN_UNREACHABLE_CODE = YES;
				CLANG_WARN__DUPLICATE_METHOD_MATCH = YES;
				COPY_PHASE_STRIP = NO;
				DEBUG_INFORMATION_FORMAT = dwarf;
				ENABLE_STRICT_OBJC_MSGSEND = YES;
				ENABLE_TESTABILITY = YES;
				GCC_C_LANGUAGE_STANDARD = gnu11;
				GCC_DYNAMIC_NO_PIC = NO;
				GCC_NO_COMMON_BLOCKS = YES;
				GCC_OPTIMIZATION_LEVEL = 0;
				GCC_PREPROCESSOR_DEFINITIONS = (
					"DEBUG=1",
					"$(inherited)",
				);
				GCC_WARN_64_TO_32_BIT_CONVERSION = YES;
				GCC_WARN_ABOUT_RETURN_TYPE = YES_ERROR;
				GCC_WARN_UNDECLARED_SELECTOR = YES;
				GCC_WARN_UNINITIALIZED_AUTOS = YES_AGGRESSIVE;
				GCC_WARN_UNUSED_FUNCTION = YES;
				GCC_WARN_UNUSED_VARIABLE = YES;
				IPHONEOS_DEPLOYMENT_TARGET = 15.5;
				MTL_ENABLE_DEBUG_INFO = INCLUDE_SOURCE;
				MTL_FAST_MATH = YES;
				ONLY_ACTIVE_ARCH = YES;
				SDKROOT = iphoneos;
				SWIFT_ACTIVE_COMPILATION_CONDITIONS = DEBUG;
				SWIFT_OPTIMIZATION_LEVEL = "-Onone";
			};
			name = Debug;
		};
		FB2A94AD28CA9B7900F64DF1 /* Release */ = {
			isa = XCBuildConfiguration;
			buildSettings = {
				ALWAYS_SEARCH_USER_PATHS = NO;
				CLANG_ANALYZER_NONNULL = YES;
				CLANG_ANALYZER_NUMBER_OBJECT_CONVERSION = YES_AGGRESSIVE;
				CLANG_CXX_LANGUAGE_STANDARD = "gnu++17";
				CLANG_ENABLE_MODULES = YES;
				CLANG_ENABLE_OBJC_ARC = YES;
				CLANG_ENABLE_OBJC_WEAK = YES;
				CLANG_WARN_BLOCK_CAPTURE_AUTORELEASING = YES;
				CLANG_WARN_BOOL_CONVERSION = YES;
				CLANG_WARN_COMMA = YES;
				CLANG_WARN_CONSTANT_CONVERSION = YES;
				CLANG_WARN_DEPRECATED_OBJC_IMPLEMENTATIONS = YES;
				CLANG_WARN_DIRECT_OBJC_ISA_USAGE = YES_ERROR;
				CLANG_WARN_DOCUMENTATION_COMMENTS = YES;
				CLANG_WARN_EMPTY_BODY = YES;
				CLANG_WARN_ENUM_CONVERSION = YES;
				CLANG_WARN_INFINITE_RECURSION = YES;
				CLANG_WARN_INT_CONVERSION = YES;
				CLANG_WARN_NON_LITERAL_NULL_CONVERSION = YES;
				CLANG_WARN_OBJC_IMPLICIT_RETAIN_SELF = YES;
				CLANG_WARN_OBJC_LITERAL_CONVERSION = YES;
				CLANG_WARN_OBJC_ROOT_CLASS = YES_ERROR;
				CLANG_WARN_QUOTED_INCLUDE_IN_FRAMEWORK_HEADER = YES;
				CLANG_WARN_RANGE_LOOP_ANALYSIS = YES;
				CLANG_WARN_STRICT_PROTOTYPES = YES;
				CLANG_WARN_SUSPICIOUS_MOVE = YES;
				CLANG_WARN_UNGUARDED_AVAILABILITY = YES_AGGRESSIVE;
				CLANG_WARN_UNREACHABLE_CODE = YES;
				CLANG_WARN__DUPLICATE_METHOD_MATCH = YES;
				COPY_PHASE_STRIP = NO;
				DEBUG_INFORMATION_FORMAT = "dwarf-with-dsym";
				ENABLE_NS_ASSERTIONS = NO;
				ENABLE_STRICT_OBJC_MSGSEND = YES;
				GCC_C_LANGUAGE_STANDARD = gnu11;
				GCC_NO_COMMON_BLOCKS = YES;
				GCC_WARN_64_TO_32_BIT_CONVERSION = YES;
				GCC_WARN_ABOUT_RETURN_TYPE = YES_ERROR;
				GCC_WARN_UNDECLARED_SELECTOR = YES;
				GCC_WARN_UNINITIALIZED_AUTOS = YES_AGGRESSIVE;
				GCC_WARN_UNUSED_FUNCTION = YES;
				GCC_WARN_UNUSED_VARIABLE = YES;
				IPHONEOS_DEPLOYMENT_TARGET = 15.5;
				MTL_ENABLE_DEBUG_INFO = NO;
				MTL_FAST_MATH = YES;
				SDKROOT = iphoneos;
				SWIFT_COMPILATION_MODE = wholemodule;
				SWIFT_OPTIMIZATION_LEVEL = "-O";
				VALIDATE_PRODUCT = YES;
			};
			name = Release;
		};
		FB2A94AF28CA9B7900F64DF1 /* Debug */ = {
			isa = XCBuildConfiguration;
			buildSettings = {
				ASSETCATALOG_COMPILER_APPICON_NAME = AppIcon;
				ASSETCATALOG_COMPILER_GLOBAL_ACCENT_COLOR_NAME = AccentColor;
				CODE_SIGN_STYLE = Automatic;
				CURRENT_PROJECT_VERSION = 1;
				DEVELOPMENT_ASSET_PATHS = "\"BarteringApp/Preview Content\"";
				DEVELOPMENT_TEAM = 4K63H6AYFA;
				ENABLE_PREVIEWS = YES;
				GENERATE_INFOPLIST_FILE = YES;
				INFOPLIST_KEY_UIApplicationSceneManifest_Generation = YES;
				INFOPLIST_KEY_UIApplicationSupportsIndirectInputEvents = YES;
				INFOPLIST_KEY_UILaunchScreen_Generation = YES;
				INFOPLIST_KEY_UISupportedInterfaceOrientations_iPad = "UIInterfaceOrientationPortrait UIInterfaceOrientationPortraitUpsideDown \nUIInterfaceOrientationLandscapeLeft UIInterfaceOrientationLandscapeRight";
				INFOPLIST_KEY_UISupportedInterfaceOrientations_iPhone = "UIInterfaceOrientationPortrait UIInterfaceOrientationLandscapeLeft \nUIInterfaceOrientationLandscapeRight";
				LD_RUNPATH_SEARCH_PATHS = (
					"$(inherited)",
					"@executable_path/Frameworks",
				);
				MARKETING_VERSION = 1.0;
				PRODUCT_BUNDLE_IDENTIFIER = BarteringApp;
				PRODUCT_NAME = "$(TARGET_NAME)";
				SWIFT_EMIT_LOC_STRINGS = YES;
				SWIFT_VERSION = 5.0;
				TARGETED_DEVICE_FAMILY = "1,2";
			};
			name = Debug;
		};
		FB2A94B028CA9B7900F64DF1 /* Release */ = {
			isa = XCBuildConfiguration;
			buildSettings = {
				ASSETCATALOG_COMPILER_APPICON_NAME = AppIcon;
				ASSETCATALOG_COMPILER_GLOBAL_ACCENT_COLOR_NAME = AccentColor;
				CODE_SIGN_STYLE = Automatic;
				CURRENT_PROJECT_VERSION = 1;
				DEVELOPMENT_ASSET_PATHS = "\"BarteringApp/Preview Content\"";
				DEVELOPMENT_TEAM = 4K63H6AYFA;
				ENABLE_PREVIEWS = YES;
				GENERATE_INFOPLIST_FILE = YES;
				INFOPLIST_KEY_UIApplicationSceneManifest_Generation = YES;
				INFOPLIST_KEY_UIApplicationSupportsIndirectInputEvents = YES;
				INFOPLIST_KEY_UILaunchScreen_Generation = YES;
				INFOPLIST_KEY_UISupportedInterfaceOrientations_iPad = "UIInterfaceOrientationPortrait UIInterfaceOrientationPortraitUpsideDown \nUIInterfaceOrientationLandscapeLeft UIInterfaceOrientationLandscapeRight";
				INFOPLIST_KEY_UISupportedInterfaceOrientations_iPhone = "UIInterfaceOrientationPortrait UIInterfaceOrientationLandscapeLeft \nUIInterfaceOrientationLandscapeRight";
				LD_RUNPATH_SEARCH_PATHS = (
					"$(inherited)",
					"@executable_path/Frameworks",
				);
				MARKETING_VERSION = 1.0;
				PRODUCT_BUNDLE_IDENTIFIER = BarteringApp;
				PRODUCT_NAME = "$(TARGET_NAME)";
				SWIFT_EMIT_LOC_STRINGS = YES;
				SWIFT_VERSION = 5.0;
				TARGETED_DEVICE_FAMILY = "1,2";
			};
			name = Release;
		};
		FB2A94B228CA9B7900F64DF1 /* Debug */ = {
			isa = XCBuildConfiguration;
			buildSettings = {
				ALWAYS_EMBED_SWIFT_STANDARD_LIBRARIES = YES;
				BUNDLE_LOADER = "$(TEST_HOST)";
				CODE_SIGN_STYLE = Automatic;
				CURRENT_PROJECT_VERSION = 1;
				DEVELOPMENT_TEAM = A93P32RDMK;
				GENERATE_INFOPLIST_FILE = YES;
				IPHONEOS_DEPLOYMENT_TARGET = 15.5;
				MARKETING_VERSION = 1.0;
				PRODUCT_BUNDLE_IDENTIFIER = placeholder.BarteringAppTests;
				PRODUCT_NAME = "$(TARGET_NAME)";
				SWIFT_EMIT_LOC_STRINGS = NO;
				SWIFT_VERSION = 5.0;
				TARGETED_DEVICE_FAMILY = "1,2";
				TEST_HOST = "$(BUILT_PRODUCTS_DIR)/BarteringApp.app/BarteringApp";
			};
			name = Debug;
		};
		FB2A94B328CA9B7900F64DF1 /* Release */ = {
			isa = XCBuildConfiguration;
			buildSettings = {
				ALWAYS_EMBED_SWIFT_STANDARD_LIBRARIES = YES;
				BUNDLE_LOADER = "$(TEST_HOST)";
				CODE_SIGN_STYLE = Automatic;
				CURRENT_PROJECT_VERSION = 1;
				DEVELOPMENT_TEAM = A93P32RDMK;
				GENERATE_INFOPLIST_FILE = YES;
				IPHONEOS_DEPLOYMENT_TARGET = 15.5;
				MARKETING_VERSION = 1.0;
				PRODUCT_BUNDLE_IDENTIFIER = placeholder.BarteringAppTests;
				PRODUCT_NAME = "$(TARGET_NAME)";
				SWIFT_EMIT_LOC_STRINGS = NO;
				SWIFT_VERSION = 5.0;
				TARGETED_DEVICE_FAMILY = "1,2";
				TEST_HOST = "$(BUILT_PRODUCTS_DIR)/BarteringApp.app/BarteringApp";
			};
			name = Release;
		};
		FB2A94B528CA9B7900F64DF1 /* Debug */ = {
			isa = XCBuildConfiguration;
			buildSettings = {
				ALWAYS_EMBED_SWIFT_STANDARD_LIBRARIES = YES;
				CODE_SIGN_STYLE = Automatic;
				CURRENT_PROJECT_VERSION = 1;
				DEVELOPMENT_TEAM = A93P32RDMK;
				GENERATE_INFOPLIST_FILE = YES;
				MARKETING_VERSION = 1.0;
				PRODUCT_BUNDLE_IDENTIFIER = placeholder.BarteringAppUITests;
				PRODUCT_NAME = "$(TARGET_NAME)";
				SWIFT_EMIT_LOC_STRINGS = NO;
				SWIFT_VERSION = 5.0;
				TARGETED_DEVICE_FAMILY = "1,2";
				TEST_TARGET_NAME = BarteringApp;
			};
			name = Debug;
		};
		FB2A94B628CA9B7900F64DF1 /* Release */ = {
			isa = XCBuildConfiguration;
			buildSettings = {
				ALWAYS_EMBED_SWIFT_STANDARD_LIBRARIES = YES;
				CODE_SIGN_STYLE = Automatic;
				CURRENT_PROJECT_VERSION = 1;
				DEVELOPMENT_TEAM = A93P32RDMK;
				GENERATE_INFOPLIST_FILE = YES;
				MARKETING_VERSION = 1.0;
				PRODUCT_BUNDLE_IDENTIFIER = placeholder.BarteringAppUITests;
				PRODUCT_NAME = "$(TARGET_NAME)";
				SWIFT_EMIT_LOC_STRINGS = NO;
				SWIFT_VERSION = 5.0;
				TARGETED_DEVICE_FAMILY = "1,2";
				TEST_TARGET_NAME = BarteringApp;
			};
			name = Release;
		};
/* End XCBuildConfiguration section */

/* Begin XCConfigurationList section */
		FB2A948528CA9B7800F64DF1 /* Build configuration list for PBXProject "BarteringApp" */ = {
			isa = XCConfigurationList;
			buildConfigurations = (
				FB2A94AC28CA9B7900F64DF1 /* Debug */,
				FB2A94AD28CA9B7900F64DF1 /* Release */,
			);
			defaultConfigurationIsVisible = 0;
			defaultConfigurationName = Release;
		};
		FB2A94AE28CA9B7900F64DF1 /* Build configuration list for PBXNativeTarget "BarteringApp" */ = {
			isa = XCConfigurationList;
			buildConfigurations = (
				FB2A94AF28CA9B7900F64DF1 /* Debug */,
				FB2A94B028CA9B7900F64DF1 /* Release */,
			);
			defaultConfigurationIsVisible = 0;
			defaultConfigurationName = Release;
		};
		FB2A94B128CA9B7900F64DF1 /* Build configuration list for PBXNativeTarget "BarteringAppTests" */ = {
			isa = XCConfigurationList;
			buildConfigurations = (
				FB2A94B228CA9B7900F64DF1 /* Debug */,
				FB2A94B328CA9B7900F64DF1 /* Release */,
			);
			defaultConfigurationIsVisible = 0;
			defaultConfigurationName = Release;
		};
		FB2A94B428CA9B7900F64DF1 /* Build configuration list for PBXNativeTarget "BarteringAppUITests" */ = {
			isa = XCConfigurationList;
			buildConfigurations = (
				FB2A94B528CA9B7900F64DF1 /* Debug */,
				FB2A94B628CA9B7900F64DF1 /* Release */,
			);
			defaultConfigurationIsVisible = 0;
			defaultConfigurationName = Release;
		};
/* End XCConfigurationList section */

/* Begin XCRemoteSwiftPackageReference section */
		BF591C952918DE3D004FF9FC /* XCRemoteSwiftPackageReference "firebase-ios-sdk" */ = {
			isa = XCRemoteSwiftPackageReference;
			repositoryURL = "https://github.com/firebase/firebase-ios-sdk";
			requirement = {
				kind = upToNextMajorVersion;
				minimumVersion = 9.0.0;
			};
		};
/* End XCRemoteSwiftPackageReference section */

/* Begin XCSwiftPackageProductDependency section */
		BF591C962918DE3D004FF9FC /* FirebaseFirestore */ = {
			isa = XCSwiftPackageProductDependency;
			package = BF591C952918DE3D004FF9FC /* XCRemoteSwiftPackageReference "firebase-ios-sdk" */;
			productName = FirebaseFirestore;
		};
		BF591C982918DE3D004FF9FC /* FirebaseFirestoreSwift */ = {
			isa = XCSwiftPackageProductDependency;
			package = BF591C952918DE3D004FF9FC /* XCRemoteSwiftPackageReference "firebase-ios-sdk" */;
			productName = FirebaseFirestoreSwift;
		};
/* End XCSwiftPackageProductDependency section */
	};
	rootObject = FB2A948228CA9B7800F64DF1 /* Project object */;
}
